
Microsoft Visual Studio Solution File, Format Version 12.00
# Visual Studio Version 17
VisualStudioVersion = 17.11.35312.102
MinimumVisualStudioVersion = 10.0.40219.1
Project("{FAE04EC0-301F-11D3-BF4B-00C04F79EFBC}") = "lab3", "lab3.csproj", "{47C4A9F6-BC02-47FB-B221-2873EBC9413D}"
EndProject
Global
	GlobalSection(SolutionConfigurationPlatforms) = preSolution
		Debug|Any CPU = Debug|Any CPU
		Release|Any CPU = Release|Any CPU
	EndGlobalSection
	GlobalSection(ProjectConfigurationPlatforms) = postSolution
		{47C4A9F6-BC02-47FB-B221-2873EBC9413D}.Debug|Any CPU.ActiveCfg = Debug|Any CPU
		{47C4A9F6-BC02-47FB-B221-2873EBC9413D}.Debug|Any CPU.Build.0 = Debug|Any CPU
		{47C4A9F6-BC02-47FB-B221-2873EBC9413D}.Release|Any CPU.ActiveCfg = Release|Any CPU
		{47C4A9F6-BC02-47FB-B221-2873EBC9413D}.Release|Any CPU.Build.0 = Release|Any CPU
	EndGlobalSection
	GlobalSection(SolutionProperties) = preSolution
		HideSolutionNode = FALSE
	EndGlobalSection
	GlobalSection(ExtensibilityGlobals) = postSolution
		SolutionGuid = {D78673A3-685D-4350-BF23-ECE902705869}
	EndGlobalSection
EndGlobal
